
Microsoft Visual Studio Solution File, Format Version 12.00
# Visual Studio Version 17
VisualStudioVersion = 17.5.33414.496
MinimumVisualStudioVersion = 10.0.40219.1
Project("{FAE04EC0-301F-11D3-BF4B-00C04F79EFBC}") = "Login", "Login\Login.csproj", "{35A01CEB-DFA4-4E05-A482-2800343712A9}"
EndProject
Global
	GlobalSection(SolutionConfigurationPlatforms) = preSolution
		Debug|Any CPU = Debug|Any CPU
		Release|Any CPU = Release|Any CPU
	EndGlobalSection
	GlobalSection(ProjectConfigurationPlatforms) = postSolution
		{35A01CEB-DFA4-4E05-A482-2800343712A9}.Debug|Any CPU.ActiveCfg = Debug|Any CPU
		{35A01CEB-DFA4-4E05-A482-2800343712A9}.Debug|Any CPU.Build.0 = Debug|Any CPU
		{35A01CEB-DFA4-4E05-A482-2800343712A9}.Release|Any CPU.ActiveCfg = Release|Any CPU
		{35A01CEB-DFA4-4E05-A482-2800343712A9}.Release|Any CPU.Build.0 = Release|Any CPU
	EndGlobalSection
	GlobalSection(SolutionProperties) = preSolution
		HideSolutionNode = FALSE
	EndGlobalSection
	GlobalSection(ExtensibilityGlobals) = postSolution
		SolutionGuid = {E0CE2E35-CD72-4A9E-9CE7-FF089BE3A466}
	EndGlobalSection
EndGlobal
